github.com/ochom/gutils v0.1.2 h1:La/0nkWVZnOwF8L6t99HcfHoTJlRRfJbovUJfrDfSoE=
github.com/ochom/gutils v0.1.2/go.mod h1:lXQFdOWF0fMVviMQtjNEjBbnskcfTOXswc9H3Ixbb8U=
golang.org/x/crypto v0.9.0 h1:LF6fAI+IutBocDJ2OT0Q1g8plpYljMZ4+lty+dsqw3g=
golang.org/x/crypto v0.9.0/go.mod h1:yrmDGqONDYtNj3tH8X9dzUun2m2lzPa9ngI6/RUPGR0=
